
Microsoft Visual Studio Solution File, Format Version 12.00
# Visual Studio 15
Project("{FAE04EC0-301F-11D3-BF4B-00C04F79EFBC}") = "Assembly-CSharp", "Assembly-CSharp.csproj", "{8ADB78C1-1D53-18FC-CCBD-B9BBDCADF19E}"
EndProject
Project("{FAE04EC0-301F-11D3-BF4B-00C04F79EFBC}") = "AstarPathfindingProject", "AstarPathfindingProject.csproj", "{40876E82-10C8-A0FA-9193-9096E54753CC}"
EndProject
Project("{FAE04EC0-301F-11D3-BF4B-00C04F79EFBC}") = "VRMShaders.GLTF.IO.Runtime", "VRMShaders.GLTF.IO.Runtime.csproj", "{B4E4D371-EB53-750D-A96F-FAD451D2DE98}"
EndProject
Project("{FAE04EC0-301F-11D3-BF4B-00C04F79EFBC}") = "VRMShaders.VRM10.MToon10.Runtime", "VRMShaders.VRM10.MToon10.Runtime.csproj", "{0F789A55-8A3D-1926-E804-729F726825D2}"
EndProject
Project("{FAE04EC0-301F-11D3-BF4B-00C04F79EFBC}") = "Dreamteck.Utilities", "Dreamteck.Utilities.csproj", "{D76DC720-F0C4-0980-BA86-6AB317AF6C7B}"
EndProject
Project("{FAE04EC0-301F-11D3-BF4B-00C04F79EFBC}") = "Dreamteck.Splines", "Dreamteck.Splines.csproj", "{847457D8-6BA9-9932-AEE6-26B5F7D245B4}"
EndProject
Project("{FAE04EC0-301F-11D3-BF4B-00C04F79EFBC}") = "PathCreator", "PathCreator.csproj", "{A1C37EE5-81D3-A22D-07DC-64AF9D03EFFF}"
EndProject
Project("{FAE04EC0-301F-11D3-BF4B-00C04F79EFBC}") = "VRMShaders.GLTF.UniUnlit.Runtime", "VRMShaders.GLTF.UniUnlit.Runtime.csproj", "{33FAE24C-7C8E-1F6E-CC35-61666368AFE1}"
EndProject
Project("{FAE04EC0-301F-11D3-BF4B-00C04F79EFBC}") = "VRMShaders.VRM.IO.Runtime", "VRMShaders.VRM.IO.Runtime.csproj", "{5DDA2717-F4BE-5D50-D780-53502291AD6E}"
EndProject
Project("{FAE04EC0-301F-11D3-BF4B-00C04F79EFBC}") = "MToon", "MToon.csproj", "{8BB8DD5A-D26D-8467-80DF-1482C434A195}"
EndProject
Project("{FAE04EC0-301F-11D3-BF4B-00C04F79EFBC}") = "Assembly-CSharp-firstpass", "Assembly-CSharp-firstpass.csproj", "{DE61185A-AA48-3A76-FE8C-D802619ABE17}"
EndProject
Project("{FAE04EC0-301F-11D3-BF4B-00C04F79EFBC}") = "VRMShaders.VRM10.Format.Runtime", "VRMShaders.VRM10.Format.Runtime.csproj", "{1F7110A1-A4F5-CDEE-F4FC-B51F1F79BD43}"
EndProject
Project("{FAE04EC0-301F-11D3-BF4B-00C04F79EFBC}") = "Dreamteck.Splines.Editor", "Dreamteck.Splines.Editor.csproj", "{0DF310F8-5E4A-679B-D28E-D4071B8394BA}"
EndProject
Project("{FAE04EC0-301F-11D3-BF4B-00C04F79EFBC}") = "Assembly-CSharp-Editor", "Assembly-CSharp-Editor.csproj", "{525BDD86-406B-FF2E-5BD5-34B2FC00EB8B}"
EndProject
Project("{FAE04EC0-301F-11D3-BF4B-00C04F79EFBC}") = "VRMShaders.GLTF.UniUnlit.Editor", "VRMShaders.GLTF.UniUnlit.Editor.csproj", "{AD8DF9D5-7634-854F-5A98-2D1D002C9F4F}"
EndProject
Project("{FAE04EC0-301F-11D3-BF4B-00C04F79EFBC}") = "PackageToolsEditor", "PackageToolsEditor.csproj", "{C7BBF501-C154-CA66-FE25-C714C8623079}"
EndProject
Project("{FAE04EC0-301F-11D3-BF4B-00C04F79EFBC}") = "Dreamteck.Utilities.Editor", "Dreamteck.Utilities.Editor.csproj", "{C36F8102-2AD6-7778-FAFA-5E0BEAD16671}"
EndProject
Project("{FAE04EC0-301F-11D3-BF4B-00C04F79EFBC}") = "AstarPathfindingProjectEditor", "AstarPathfindingProjectEditor.csproj", "{F9BA98DC-BF92-8E4C-652A-61738B686BAE}"
EndProject
Project("{FAE04EC0-301F-11D3-BF4B-00C04F79EFBC}") = "VRMShaders.GLTF.IO.Tests", "VRMShaders.GLTF.IO.Tests.csproj", "{3856CB99-C099-1802-8D0A-40079C942385}"
EndProject
Project("{FAE04EC0-301F-11D3-BF4B-00C04F79EFBC}") = "PathCreatorEditor", "PathCreatorEditor.csproj", "{487D1EE2-3ACB-82B2-AB9D-F3A0BB858D99}"
EndProject
Project("{FAE04EC0-301F-11D3-BF4B-00C04F79EFBC}") = "VRMShaders.VRM10.MToon10.Tests", "VRMShaders.VRM10.MToon10.Tests.csproj", "{0E1E3FCD-B2C7-A14C-86CF-236A01705830}"
EndProject
Project("{FAE04EC0-301F-11D3-BF4B-00C04F79EFBC}") = "VRMShaders.VRM10.MToon10.Editor", "VRMShaders.VRM10.MToon10.Editor.csproj", "{F2D85745-064C-4985-D89A-AC05CEE55B3A}"
EndProject
Project("{FAE04EC0-301F-11D3-BF4B-00C04F79EFBC}") = "MToon.Editor", "MToon.Editor.csproj", "{44236EE5-1269-BCD8-ED29-142795FE5550}"
EndProject
Project("{FAE04EC0-301F-11D3-BF4B-00C04F79EFBC}") = "VRMShaders.GLTF.IO.Editor", "VRMShaders.GLTF.IO.Editor.csproj", "{5E5FD793-C83C-F611-0D11-D3DF59FE5E66}"
EndProject
Project("{FAE04EC0-301F-11D3-BF4B-00C04F79EFBC}") = "VRMShaders.VRM.IO.Editor", "VRMShaders.VRM.IO.Editor.csproj", "{D53F6B4F-DE97-F079-ADA9-3982DA8054B7}"
EndProject
Global
	GlobalSection(SolutionConfigurationPlatforms) = preSolution
		Debug|Any CPU = Debug|Any CPU
		Release|Any CPU = Release|Any CPU
	EndGlobalSection
	GlobalSection(ProjectConfigurationPlatforms) = postSolution
		{8ADB78C1-1D53-18FC-CCBD-B9BBDCADF19E}.Debug|Any CPU.ActiveCfg = Debug|Any CPU
		{8ADB78C1-1D53-18FC-CCBD-B9BBDCADF19E}.Debug|Any CPU.Build.0 = Debug|Any CPU
		{8ADB78C1-1D53-18FC-CCBD-B9BBDCADF19E}.Release|Any CPU.ActiveCfg = Release|Any CPU
		{8ADB78C1-1D53-18FC-CCBD-B9BBDCADF19E}.Release|Any CPU.Build.0 = Release|Any CPU
		{40876E82-10C8-A0FA-9193-9096E54753CC}.Debug|Any CPU.ActiveCfg = Debug|Any CPU
		{40876E82-10C8-A0FA-9193-9096E54753CC}.Debug|Any CPU.Build.0 = Debug|Any CPU
		{40876E82-10C8-A0FA-9193-9096E54753CC}.Release|Any CPU.ActiveCfg = Release|Any CPU
		{40876E82-10C8-A0FA-9193-9096E54753CC}.Release|Any CPU.Build.0 = Release|Any CPU
		{B4E4D371-EB53-750D-A96F-FAD451D2DE98}.Debug|Any CPU.ActiveCfg = Debug|Any CPU
		{B4E4D371-EB53-750D-A96F-FAD451D2DE98}.Debug|Any CPU.Build.0 = Debug|Any CPU
		{B4E4D371-EB53-750D-A96F-FAD451D2DE98}.Release|Any CPU.ActiveCfg = Release|Any CPU
		{B4E4D371-EB53-750D-A96F-FAD451D2DE98}.Release|Any CPU.Build.0 = Release|Any CPU
		{0F789A55-8A3D-1926-E804-729F726825D2}.Debug|Any CPU.ActiveCfg = Debug|Any CPU
		{0F789A55-8A3D-1926-E804-729F726825D2}.Debug|Any CPU.Build.0 = Debug|Any CPU
		{0F789A55-8A3D-1926-E804-729F726825D2}.Release|Any CPU.ActiveCfg = Release|Any CPU
		{0F789A55-8A3D-1926-E804-729F726825D2}.Release|Any CPU.Build.0 = Release|Any CPU
		{D76DC720-F0C4-0980-BA86-6AB317AF6C7B}.Debug|Any CPU.ActiveCfg = Debug|Any CPU
		{D76DC720-F0C4-0980-BA86-6AB317AF6C7B}.Debug|Any CPU.Build.0 = Debug|Any CPU
		{D76DC720-F0C4-0980-BA86-6AB317AF6C7B}.Release|Any CPU.ActiveCfg = Release|Any CPU
		{D76DC720-F0C4-0980-BA86-6AB317AF6C7B}.Release|Any CPU.Build.0 = Release|Any CPU
		{847457D8-6BA9-9932-AEE6-26B5F7D245B4}.Debug|Any CPU.ActiveCfg = Debug|Any CPU
		{847457D8-6BA9-9932-AEE6-26B5F7D245B4}.Debug|Any CPU.Build.0 = Debug|Any CPU
		{847457D8-6BA9-9932-AEE6-26B5F7D245B4}.Release|Any CPU.ActiveCfg = Release|Any CPU
		{847457D8-6BA9-9932-AEE6-26B5F7D245B4}.Release|Any CPU.Build.0 = Release|Any CPU
		{A1C37EE5-81D3-A22D-07DC-64AF9D03EFFF}.Debug|Any CPU.ActiveCfg = Debug|Any CPU
		{A1C37EE5-81D3-A22D-07DC-64AF9D03EFFF}.Debug|Any CPU.Build.0 = Debug|Any CPU
		{A1C37EE5-81D3-A22D-07DC-64AF9D03EFFF}.Release|Any CPU.ActiveCfg = Release|Any CPU
		{A1C37EE5-81D3-A22D-07DC-64AF9D03EFFF}.Release|Any CPU.Build.0 = Release|Any CPU
		{33FAE24C-7C8E-1F6E-CC35-61666368AFE1}.Debug|Any CPU.ActiveCfg = Debug|Any CPU
		{33FAE24C-7C8E-1F6E-CC35-61666368AFE1}.Debug|Any CPU.Build.0 = Debug|Any CPU
		{33FAE24C-7C8E-1F6E-CC35-61666368AFE1}.Release|Any CPU.ActiveCfg = Release|Any CPU
		{33FAE24C-7C8E-1F6E-CC35-61666368AFE1}.Release|Any CPU.Build.0 = Release|Any CPU
		{5DDA2717-F4BE-5D50-D780-53502291AD6E}.Debug|Any CPU.ActiveCfg = Debug|Any CPU
		{5DDA2717-F4BE-5D50-D780-53502291AD6E}.Debug|Any CPU.Build.0 = Debug|Any CPU
		{5DDA2717-F4BE-5D50-D780-53502291AD6E}.Release|Any CPU.ActiveCfg = Release|Any CPU
		{5DDA2717-F4BE-5D50-D780-53502291AD6E}.Release|Any CPU.Build.0 = Release|Any CPU
		{8BB8DD5A-D26D-8467-80DF-1482C434A195}.Debug|Any CPU.ActiveCfg = Debug|Any CPU
		{8BB8DD5A-D26D-8467-80DF-1482C434A195}.Debug|Any CPU.Build.0 = Debug|Any CPU
		{8BB8DD5A-D26D-8467-80DF-1482C434A195}.Release|Any CPU.ActiveCfg = Release|Any CPU
		{8BB8DD5A-D26D-8467-80DF-1482C434A195}.Release|Any CPU.Build.0 = Release|Any CPU
		{DE61185A-AA48-3A76-FE8C-D802619ABE17}.Debug|Any CPU.ActiveCfg = Debug|Any CPU
		{DE61185A-AA48-3A76-FE8C-D802619ABE17}.Debug|Any CPU.Build.0 = Debug|Any CPU
		{DE61185A-AA48-3A76-FE8C-D802619ABE17}.Release|Any CPU.ActiveCfg = Release|Any CPU
		{DE61185A-AA48-3A76-FE8C-D802619ABE17}.Release|Any CPU.Build.0 = Release|Any CPU
		{1F7110A1-A4F5-CDEE-F4FC-B51F1F79BD43}.Debug|Any CPU.ActiveCfg = Debug|Any CPU
		{1F7110A1-A4F5-CDEE-F4FC-B51F1F79BD43}.Debug|Any CPU.Build.0 = Debug|Any CPU
		{1F7110A1-A4F5-CDEE-F4FC-B51F1F79BD43}.Release|Any CPU.ActiveCfg = Release|Any CPU
		{1F7110A1-A4F5-CDEE-F4FC-B51F1F79BD43}.Release|Any CPU.Build.0 = Release|Any CPU
		{0DF310F8-5E4A-679B-D28E-D4071B8394BA}.Debug|Any CPU.ActiveCfg = Debug|Any CPU
		{0DF310F8-5E4A-679B-D28E-D4071B8394BA}.Debug|Any CPU.Build.0 = Debug|Any CPU
		{0DF310F8-5E4A-679B-D28E-D4071B8394BA}.Release|Any CPU.ActiveCfg = Release|Any CPU
		{0DF310F8-5E4A-679B-D28E-D4071B8394BA}.Release|Any CPU.Build.0 = Release|Any CPU
		{525BDD86-406B-FF2E-5BD5-34B2FC00EB8B}.Debug|Any CPU.ActiveCfg = Debug|Any CPU
		{525BDD86-406B-FF2E-5BD5-34B2FC00EB8B}.Debug|Any CPU.Build.0 = Debug|Any CPU
		{525BDD86-406B-FF2E-5BD5-34B2FC00EB8B}.Release|Any CPU.ActiveCfg = Release|Any CPU
		{525BDD86-406B-FF2E-5BD5-34B2FC00EB8B}.Release|Any CPU.Build.0 = Release|Any CPU
		{AD8DF9D5-7634-854F-5A98-2D1D002C9F4F}.Debug|Any CPU.ActiveCfg = Debug|Any CPU
		{AD8DF9D5-7634-854F-5A98-2D1D002C9F4F}.Debug|Any CPU.Build.0 = Debug|Any CPU
		{AD8DF9D5-7634-854F-5A98-2D1D002C9F4F}.Release|Any CPU.ActiveCfg = Release|Any CPU
		{AD8DF9D5-7634-854F-5A98-2D1D002C9F4F}.Release|Any CPU.Build.0 = Release|Any CPU
		{C7BBF501-C154-CA66-FE25-C714C8623079}.Debug|Any CPU.ActiveCfg = Debug|Any CPU
		{C7BBF501-C154-CA66-FE25-C714C8623079}.Debug|Any CPU.Build.0 = Debug|Any CPU
		{C7BBF501-C154-CA66-FE25-C714C8623079}.Release|Any CPU.ActiveCfg = Release|Any CPU
		{C7BBF501-C154-CA66-FE25-C714C8623079}.Release|Any CPU.Build.0 = Release|Any CPU
		{C36F8102-2AD6-7778-FAFA-5E0BEAD16671}.Debug|Any CPU.ActiveCfg = Debug|Any CPU
		{C36F8102-2AD6-7778-FAFA-5E0BEAD16671}.Debug|Any CPU.Build.0 = Debug|Any CPU
		{C36F8102-2AD6-7778-FAFA-5E0BEAD16671}.Release|Any CPU.ActiveCfg = Release|Any CPU
		{C36F8102-2AD6-7778-FAFA-5E0BEAD16671}.Release|Any CPU.Build.0 = Release|Any CPU
		{F9BA98DC-BF92-8E4C-652A-61738B686BAE}.Debug|Any CPU.ActiveCfg = Debug|Any CPU
		{F9BA98DC-BF92-8E4C-652A-61738B686BAE}.Debug|Any CPU.Build.0 = Debug|Any CPU
		{F9BA98DC-BF92-8E4C-652A-61738B686BAE}.Release|Any CPU.ActiveCfg = Release|Any CPU
		{F9BA98DC-BF92-8E4C-652A-61738B686BAE}.Release|Any CPU.Build.0 = Release|Any CPU
		{3856CB99-C099-1802-8D0A-40079C942385}.Debug|Any CPU.ActiveCfg = Debug|Any CPU
		{3856CB99-C099-1802-8D0A-40079C942385}.Debug|Any CPU.Build.0 = Debug|Any CPU
		{3856CB99-C099-1802-8D0A-40079C942385}.Release|Any CPU.ActiveCfg = Release|Any CPU
		{3856CB99-C099-1802-8D0A-40079C942385}.Release|Any CPU.Build.0 = Release|Any CPU
		{487D1EE2-3ACB-82B2-AB9D-F3A0BB858D99}.Debug|Any CPU.ActiveCfg = Debug|Any CPU
		{487D1EE2-3ACB-82B2-AB9D-F3A0BB858D99}.Debug|Any CPU.Build.0 = Debug|Any CPU
		{487D1EE2-3ACB-82B2-AB9D-F3A0BB858D99}.Release|Any CPU.ActiveCfg = Release|Any CPU
		{487D1EE2-3ACB-82B2-AB9D-F3A0BB858D99}.Release|Any CPU.Build.0 = Release|Any CPU
		{0E1E3FCD-B2C7-A14C-86CF-236A01705830}.Debug|Any CPU.ActiveCfg = Debug|Any CPU
		{0E1E3FCD-B2C7-A14C-86CF-236A01705830}.Debug|Any CPU.Build.0 = Debug|Any CPU
		{0E1E3FCD-B2C7-A14C-86CF-236A01705830}.Release|Any CPU.ActiveCfg = Release|Any CPU
		{0E1E3FCD-B2C7-A14C-86CF-236A01705830}.Release|Any CPU.Build.0 = Release|Any CPU
		{F2D85745-064C-4985-D89A-AC05CEE55B3A}.Debug|Any CPU.ActiveCfg = Debug|Any CPU
		{F2D85745-064C-4985-D89A-AC05CEE55B3A}.Debug|Any CPU.Build.0 = Debug|Any CPU
		{F2D85745-064C-4985-D89A-AC05CEE55B3A}.Release|Any CPU.ActiveCfg = Release|Any CPU
		{F2D85745-064C-4985-D89A-AC05CEE55B3A}.Release|Any CPU.Build.0 = Release|Any CPU
		{44236EE5-1269-BCD8-ED29-142795FE5550}.Debug|Any CPU.ActiveCfg = Debug|Any CPU
		{44236EE5-1269-BCD8-ED29-142795FE5550}.Debug|Any CPU.Build.0 = Debug|Any CPU
		{44236EE5-1269-BCD8-ED29-142795FE5550}.Release|Any CPU.ActiveCfg = Release|Any CPU
		{44236EE5-1269-BCD8-ED29-142795FE5550}.Release|Any CPU.Build.0 = Release|Any CPU
		{5E5FD793-C83C-F611-0D11-D3DF59FE5E66}.Debug|Any CPU.ActiveCfg = Debug|Any CPU
		{5E5FD793-C83C-F611-0D11-D3DF59FE5E66}.Debug|Any CPU.Build.0 = Debug|Any CPU
		{5E5FD793-C83C-F611-0D11-D3DF59FE5E66}.Release|Any CPU.ActiveCfg = Release|Any CPU
		{5E5FD793-C83C-F611-0D11-D3DF59FE5E66}.Release|Any CPU.Build.0 = Release|Any CPU
		{D53F6B4F-DE97-F079-ADA9-3982DA8054B7}.Debug|Any CPU.ActiveCfg = Debug|Any CPU
		{D53F6B4F-DE97-F079-ADA9-3982DA8054B7}.Debug|Any CPU.Build.0 = Debug|Any CPU
		{D53F6B4F-DE97-F079-ADA9-3982DA8054B7}.Release|Any CPU.ActiveCfg = Release|Any CPU
		{D53F6B4F-DE97-F079-ADA9-3982DA8054B7}.Release|Any CPU.Build.0 = Release|Any CPU
	EndGlobalSection
	GlobalSection(SolutionProperties) = preSolution
		HideSolutionNode = FALSE
	EndGlobalSection
EndGlobal
